// !$*UTF8*$!
{
	archiveVersion = 1;
	classes = {
	};
	objectVersion = 46;
	objects = {

/* Begin PBXBuildFile section */
		075280813D6B486AE6AADD40 /* Pods_Budgie.framework in Frameworks */ = {isa = PBXBuildFile; fileRef = B2CF6AD66F0E17080E1F6AC8 /* Pods_Budgie.framework */; };
		C037E21F1E4BC56400D2DDBC /* HomeViewController.swift in Sources */ = {isa = PBXBuildFile; fileRef = C037E21D1E4BC56400D2DDBC /* HomeViewController.swift */; };
		C037E2201E4BC56400D2DDBC /* HomeViewController.xib in Resources */ = {isa = PBXBuildFile; fileRef = C037E21E1E4BC56400D2DDBC /* HomeViewController.xib */; };
		C037E2241E4BC71800D2DDBC /* Constants.swift in Sources */ = {isa = PBXBuildFile; fileRef = C037E2231E4BC71800D2DDBC /* Constants.swift */; };
		C037E2271E4BD28900D2DDBC /* HomeTweetCell.swift in Sources */ = {isa = PBXBuildFile; fileRef = C037E2251E4BD28900D2DDBC /* HomeTweetCell.swift */; };
		C037E2281E4BD28900D2DDBC /* HomeTweetCell.xib in Resources */ = {isa = PBXBuildFile; fileRef = C037E2261E4BD28900D2DDBC /* HomeTweetCell.xib */; };
		C037E22B1E4BD63A00D2DDBC /* MainTabBarController.swift in Sources */ = {isa = PBXBuildFile; fileRef = C037E2291E4BD63A00D2DDBC /* MainTabBarController.swift */; };
		C037E2321E4BDFBB00D2DDBC /* ComposerViewController.swift in Sources */ = {isa = PBXBuildFile; fileRef = C037E2301E4BDFBB00D2DDBC /* ComposerViewController.swift */; };
		C037E2331E4BDFBB00D2DDBC /* ComposerViewController.xib in Resources */ = {isa = PBXBuildFile; fileRef = C037E2311E4BDFBB00D2DDBC /* ComposerViewController.xib */; };
		C037E2361E4BE00200D2DDBC /* ProfileViewController.swift in Sources */ = {isa = PBXBuildFile; fileRef = C037E2341E4BE00200D2DDBC /* ProfileViewController.swift */; };
		C037E2371E4BE00200D2DDBC /* ProfileViewController.xib in Resources */ = {isa = PBXBuildFile; fileRef = C037E2351E4BE00200D2DDBC /* ProfileViewController.xib */; };
		C037E2391E4BE42000D2DDBC /* Colors.swift in Sources */ = {isa = PBXBuildFile; fileRef = C037E2381E4BE42000D2DDBC /* Colors.swift */; };
		C037E23B1E4BE62200D2DDBC /* Appearance.swift in Sources */ = {isa = PBXBuildFile; fileRef = C037E23A1E4BE62200D2DDBC /* Appearance.swift */; };
		C037E23D1E4C094E00D2DDBC /* Tweet.swift in Sources */ = {isa = PBXBuildFile; fileRef = C037E23C1E4C094E00D2DDBC /* Tweet.swift */; };
		C06FE7B41E4BA80D0078A9EE /* AppDelegate.swift in Sources */ = {isa = PBXBuildFile; fileRef = C06FE7B31E4BA80D0078A9EE /* AppDelegate.swift */; };
		C06FE7B91E4BA80D0078A9EE /* Main.storyboard in Resources */ = {isa = PBXBuildFile; fileRef = C06FE7B71E4BA80D0078A9EE /* Main.storyboard */; };
		C06FE7BB1E4BA80D0078A9EE /* Assets.xcassets in Resources */ = {isa = PBXBuildFile; fileRef = C06FE7BA1E4BA80D0078A9EE /* Assets.xcassets */; };
		C06FE7BE1E4BA80D0078A9EE /* LaunchScreen.storyboard in Resources */ = {isa = PBXBuildFile; fileRef = C06FE7BC1E4BA80D0078A9EE /* LaunchScreen.storyboard */; };
/* End PBXBuildFile section */

/* Begin PBXFileReference section */
		4EF5686A29FC25B53F199234 /* Pods-Budgie.release.xcconfig */ = {isa = PBXFileReference; includeInIndex = 1; lastKnownFileType = text.xcconfig; name = "Pods-Budgie.release.xcconfig"; path = "Pods/Target Support Files/Pods-Budgie/Pods-Budgie.release.xcconfig"; sourceTree = "<group>"; };
		69A76EC6FBDEB968AEB2F3DA /* Pods-Budgie.debug.xcconfig */ = {isa = PBXFileReference; includeInIndex = 1; lastKnownFileType = text.xcconfig; name = "Pods-Budgie.debug.xcconfig"; path = "Pods/Target Support Files/Pods-Budgie/Pods-Budgie.debug.xcconfig"; sourceTree = "<group>"; };
		B2CF6AD66F0E17080E1F6AC8 /* Pods_Budgie.framework */ = {isa = PBXFileReference; explicitFileType = wrapper.framework; includeInIndex = 0; path = Pods_Budgie.framework; sourceTree = BUILT_PRODUCTS_DIR; };
		C037E21D1E4BC56400D2DDBC /* HomeViewController.swift */ = {isa = PBXFileReference; fileEncoding = 4; lastKnownFileType = sourcecode.swift; name = HomeViewController.swift; path = Home/HomeViewController.swift; sourceTree = "<group>"; };
		C037E21E1E4BC56400D2DDBC /* HomeViewController.xib */ = {isa = PBXFileReference; fileEncoding = 4; lastKnownFileType = file.xib; name = HomeViewController.xib; path = Home/HomeViewController.xib; sourceTree = "<group>"; };
		C037E2231E4BC71800D2DDBC /* Constants.swift */ = {isa = PBXFileReference; fileEncoding = 4; lastKnownFileType = sourcecode.swift; name = Constants.swift; path = Common/Constants.swift; sourceTree = "<group>"; };
		C037E2251E4BD28900D2DDBC /* HomeTweetCell.swift */ = {isa = PBXFileReference; fileEncoding = 4; lastKnownFileType = sourcecode.swift; name = HomeTweetCell.swift; path = Home/HomeTweetCell.swift; sourceTree = "<group>"; };
		C037E2261E4BD28900D2DDBC /* HomeTweetCell.xib */ = {isa = PBXFileReference; fileEncoding = 4; lastKnownFileType = file.xib; name = HomeTweetCell.xib; path = Home/HomeTweetCell.xib; sourceTree = "<group>"; };
		C037E2291E4BD63A00D2DDBC /* MainTabBarController.swift */ = {isa = PBXFileReference; fileEncoding = 4; lastKnownFileType = sourcecode.swift; name = MainTabBarController.swift; path = TabBar/MainTabBarController.swift; sourceTree = "<group>"; };
		C037E2301E4BDFBB00D2DDBC /* ComposerViewController.swift */ = {isa = PBXFileReference; fileEncoding = 4; lastKnownFileType = sourcecode.swift; name = ComposerViewController.swift; path = Composer/ComposerViewController.swift; sourceTree = "<group>"; };
		C037E2311E4BDFBB00D2DDBC /* ComposerViewController.xib */ = {isa = PBXFileReference; fileEncoding = 4; lastKnownFileType = file.xib; name = ComposerViewController.xib; path = Composer/ComposerViewController.xib; sourceTree = "<group>"; };
		C037E2341E4BE00200D2DDBC /* ProfileViewController.swift */ = {isa = PBXFileReference; fileEncoding = 4; lastKnownFileType = sourcecode.swift; name = ProfileViewController.swift; path = Profile/ProfileViewController.swift; sourceTree = "<group>"; };
		C037E2351E4BE00200D2DDBC /* ProfileViewController.xib */ = {isa = PBXFileReference; fileEncoding = 4; lastKnownFileType = file.xib; name = ProfileViewController.xib; path = Profile/ProfileViewController.xib; sourceTree = "<group>"; };
		C037E2381E4BE42000D2DDBC /* Colors.swift */ = {isa = PBXFileReference; fileEncoding = 4; lastKnownFileType = sourcecode.swift; name = Colors.swift; path = Common/Colors.swift; sourceTree = "<group>"; };
		C037E23A1E4BE62200D2DDBC /* Appearance.swift */ = {isa = PBXFileReference; fileEncoding = 4; lastKnownFileType = sourcecode.swift; name = Appearance.swift; path = Common/Appearance.swift; sourceTree = "<group>"; };
		C037E23C1E4C094E00D2DDBC /* Tweet.swift */ = {isa = PBXFileReference; fileEncoding = 4; lastKnownFileType = sourcecode.swift; name = Tweet.swift; path = Models/Tweet.swift; sourceTree = "<group>"; };
		C06FE7B01E4BA80D0078A9EE /* Budgie.app */ = {isa = PBXFileReference; explicitFileType = wrapper.application; includeInIndex = 0; path = Budgie.app; sourceTree = BUILT_PRODUCTS_DIR; };
		C06FE7B31E4BA80D0078A9EE /* AppDelegate.swift */ = {isa = PBXFileReference; lastKnownFileType = sourcecode.swift; path = AppDelegate.swift; sourceTree = "<group>"; };
		C06FE7B81E4BA80D0078A9EE /* Base */ = {isa = PBXFileReference; lastKnownFileType = file.storyboard; name = Base; path = Base.lproj/Main.storyboard; sourceTree = "<group>"; };
		C06FE7BA1E4BA80D0078A9EE /* Assets.xcassets */ = {isa = PBXFileReference; lastKnownFileType = folder.assetcatalog; path = Assets.xcassets; sourceTree = "<group>"; };
		C06FE7BD1E4BA80D0078A9EE /* Base */ = {isa = PBXFileReference; lastKnownFileType = file.storyboard; name = Base; path = Base.lproj/LaunchScreen.storyboard; sourceTree = "<group>"; };
		C06FE7BF1E4BA80D0078A9EE /* Info.plist */ = {isa = PBXFileReference; lastKnownFileType = text.plist.xml; path = Info.plist; sourceTree = "<group>"; };
/* End PBXFileReference section */

/* Begin PBXFrameworksBuildPhase section */
		C06FE7AD1E4BA80D0078A9EE /* Frameworks */ = {
			isa = PBXFrameworksBuildPhase;
			buildActionMask = 2147483647;
			files = (
				075280813D6B486AE6AADD40 /* Pods_Budgie.framework in Frameworks */,
			);
			runOnlyForDeploymentPostprocessing = 0;
		};
/* End PBXFrameworksBuildPhase section */

/* Begin PBXGroup section */
		A9161978CBCFE2FE661D5CB2 /* Pods */ = {
			isa = PBXGroup;
			children = (
				69A76EC6FBDEB968AEB2F3DA /* Pods-Budgie.debug.xcconfig */,
				4EF5686A29FC25B53F199234 /* Pods-Budgie.release.xcconfig */,
			);
			name = Pods;
			sourceTree = "<group>";
		};
		B428E7EEEB01A414C4B84019 /* Frameworks */ = {
			isa = PBXGroup;
			children = (
				B2CF6AD66F0E17080E1F6AC8 /* Pods_Budgie.framework */,
			);
			name = Frameworks;
			sourceTree = "<group>";
		};
		C037E21C1E4BC3B800D2DDBC /* Models */ = {
			isa = PBXGroup;
			children = (
				C037E23C1E4C094E00D2DDBC /* Tweet.swift */,
			);
			name = Models;
			sourceTree = "<group>";
		};
		C037E2211E4BC56A00D2DDBC /* Home */ = {
			isa = PBXGroup;
			children = (
				C037E21D1E4BC56400D2DDBC /* HomeViewController.swift */,
				C037E21E1E4BC56400D2DDBC /* HomeViewController.xib */,
				C037E2251E4BD28900D2DDBC /* HomeTweetCell.swift */,
				C037E2261E4BD28900D2DDBC /* HomeTweetCell.xib */,
			);
			name = Home;
			sourceTree = "<group>";
		};
		C037E2221E4BC58200D2DDBC /* Composer */ = {
			isa = PBXGroup;
			children = (
				C037E2301E4BDFBB00D2DDBC /* ComposerViewController.swift */,
				C037E2311E4BDFBB00D2DDBC /* ComposerViewController.xib */,
			);
			name = Composer;
			sourceTree = "<group>";
		};
		C037E22D1E4BD7B200D2DDBC /* Commons */ = {
			isa = PBXGroup;
			children = (
				C037E2231E4BC71800D2DDBC /* Constants.swift */,
				C037E2381E4BE42000D2DDBC /* Colors.swift */,
				C037E23A1E4BE62200D2DDBC /* Appearance.swift */,
			);
			name = Commons;
			sourceTree = "<group>";
		};
		C037E22E1E4BDD3700D2DDBC /* Profile */ = {
			isa = PBXGroup;
			children = (
				C037E2341E4BE00200D2DDBC /* ProfileViewController.swift */,
				C037E2351E4BE00200D2DDBC /* ProfileViewController.xib */,
			);
			name = Profile;
			sourceTree = "<group>";
		};
		C06FE7A71E4BA80D0078A9EE = {
			isa = PBXGroup;
			children = (
				C06FE7B21E4BA80D0078A9EE /* Budgie */,
				C06FE7B11E4BA80D0078A9EE /* Products */,
				A9161978CBCFE2FE661D5CB2 /* Pods */,
				B428E7EEEB01A414C4B84019 /* Frameworks */,
			);
			sourceTree = "<group>";
		};
		C06FE7B11E4BA80D0078A9EE /* Products */ = {
			isa = PBXGroup;
			children = (
				C06FE7B01E4BA80D0078A9EE /* Budgie.app */,
			);
			name = Products;
			sourceTree = "<group>";
		};
		C06FE7B21E4BA80D0078A9EE /* Budgie */ = {
			isa = PBXGroup;
			children = (
				C037E22D1E4BD7B200D2DDBC /* Commons */,
				C037E21C1E4BC3B800D2DDBC /* Models */,
				C037E2211E4BC56A00D2DDBC /* Home */,
				C037E22E1E4BDD3700D2DDBC /* Profile */,
				C037E2221E4BC58200D2DDBC /* Composer */,
				C037E2291E4BD63A00D2DDBC /* MainTabBarController.swift */,
				C06FE7B31E4BA80D0078A9EE /* AppDelegate.swift */,
				C06FE7B71E4BA80D0078A9EE /* Main.storyboard */,
				C06FE7BA1E4BA80D0078A9EE /* Assets.xcassets */,
				C06FE7BC1E4BA80D0078A9EE /* LaunchScreen.storyboard */,
				C06FE7BF1E4BA80D0078A9EE /* Info.plist */,
			);
			path = Budgie;
			sourceTree = "<group>";
		};
/* End PBXGroup section */

/* Begin PBXNativeTarget section */
		C06FE7AF1E4BA80D0078A9EE /* Budgie */ = {
			isa = PBXNativeTarget;
			buildConfigurationList = C06FE7C21E4BA80D0078A9EE /* Build configuration list for PBXNativeTarget "Budgie" */;
			buildPhases = (
				A365BC89426D7E6E1C1E1708 /* [CP] Check Pods Manifest.lock */,
				C06FE7AC1E4BA80D0078A9EE /* Sources */,
				C06FE7AD1E4BA80D0078A9EE /* Frameworks */,
				C06FE7AE1E4BA80D0078A9EE /* Resources */,
				91FF825AB23CA8F4F239223F /* [CP] Embed Pods Frameworks */,
				23E906CA51F9CC2D0ACC09ED /* [CP] Copy Pods Resources */,
				C06FE7C51E4BAC8A0078A9EE /* ShellScript */,
			);
			buildRules = (
			);
			dependencies = (
			);
			name = Budgie;
			productName = Budgie;
			productReference = C06FE7B01E4BA80D0078A9EE /* Budgie.app */;
			productType = "com.apple.product-type.application";
		};
/* End PBXNativeTarget section */

/* Begin PBXProject section */
		C06FE7A81E4BA80D0078A9EE /* Project object */ = {
			isa = PBXProject;
			attributes = {
				LastSwiftUpdateCheck = 0820;
				LastUpgradeCheck = 0820;
				ORGANIZATIONNAME = "Twister Labs";
				TargetAttributes = {
					C06FE7AF1E4BA80D0078A9EE = {
						CreatedOnToolsVersion = 8.2.1;
						DevelopmentTeam = R6WE745C5Z;
						ProvisioningStyle = Automatic;
					};
				};
			};
			buildConfigurationList = C06FE7AB1E4BA80D0078A9EE /* Build configuration list for PBXProject "Budgie" */;
			compatibilityVersion = "Xcode 3.2";
			developmentRegion = English;
			hasScannedForEncodings = 0;
			knownRegions = (
				en,
				Base,
			);
			mainGroup = C06FE7A71E4BA80D0078A9EE;
			productRefGroup = C06FE7B11E4BA80D0078A9EE /* Products */;
			projectDirPath = "";
			projectRoot = "";
			targets = (
				C06FE7AF1E4BA80D0078A9EE /* Budgie */,
			);
		};
/* End PBXProject section */

/* Begin PBXResourcesBuildPhase section */
		C06FE7AE1E4BA80D0078A9EE /* Resources */ = {
			isa = PBXResourcesBuildPhase;
			buildActionMask = 2147483647;
			files = (
				C037E2371E4BE00200D2DDBC /* ProfileViewController.xib in Resources */,
				C037E2331E4BDFBB00D2DDBC /* ComposerViewController.xib in Resources */,
				C06FE7BE1E4BA80D0078A9EE /* LaunchScreen.storyboard in Resources */,
				C037E2281E4BD28900D2DDBC /* HomeTweetCell.xib in Resources */,
				C06FE7BB1E4BA80D0078A9EE /* Assets.xcassets in Resources */,
				C06FE7B91E4BA80D0078A9EE /* Main.storyboard in Resources */,
				C037E2201E4BC56400D2DDBC /* HomeViewController.xib in Resources */,
			);
			runOnlyForDeploymentPostprocessing = 0;
		};
/* End PBXResourcesBuildPhase section */

/* Begin PBXShellScriptBuildPhase section */
		23E906CA51F9CC2D0ACC09ED /* [CP] Copy Pods Resources */ = {
			isa = PBXShellScriptBuildPhase;
			buildActionMask = 2147483647;
			files = (
			);
			inputPaths = (
			);
			name = "[CP] Copy Pods Resources";
			outputPaths = (
			);
			runOnlyForDeploymentPostprocessing = 0;
			shellPath = /bin/sh;
			shellScript = "\"${SRCROOT}/Pods/Target Support Files/Pods-Budgie/Pods-Budgie-resources.sh\"\n";
			showEnvVarsInLog = 0;
		};
		91FF825AB23CA8F4F239223F /* [CP] Embed Pods Frameworks */ = {
			isa = PBXShellScriptBuildPhase;
			buildActionMask = 2147483647;
			files = (
			);
			inputPaths = (
			);
			name = "[CP] Embed Pods Frameworks";
			outputPaths = (
			);
			runOnlyForDeploymentPostprocessing = 0;
			shellPath = /bin/sh;
			shellScript = "\"${SRCROOT}/Pods/Target Support Files/Pods-Budgie/Pods-Budgie-frameworks.sh\"\n";
			showEnvVarsInLog = 0;
		};
		A365BC89426D7E6E1C1E1708 /* [CP] Check Pods Manifest.lock */ = {
			isa = PBXShellScriptBuildPhase;
			buildActionMask = 2147483647;
			files = (
			);
			inputPaths = (
			);
			name = "[CP] Check Pods Manifest.lock";
			outputPaths = (
			);
			runOnlyForDeploymentPostprocessing = 0;
			shellPath = /bin/sh;
			shellScript = "diff \"${PODS_ROOT}/../Podfile.lock\" \"${PODS_ROOT}/Manifest.lock\" > /dev/null\nif [ $? != 0 ] ; then\n    # print error to STDERR\n    echo \"error: The sandbox is not in sync with the Podfile.lock. Run 'pod install' or update your CocoaPods installation.\" >&2\n    exit 1\nfi\n";
			showEnvVarsInLog = 0;
		};
		C06FE7C51E4BAC8A0078A9EE /* ShellScript */ = {
			isa = PBXShellScriptBuildPhase;
			buildActionMask = 2147483647;
			files = (
			);
			inputPaths = (
			);
			outputPaths = (
			);
			runOnlyForDeploymentPostprocessing = 0;
			shellPath = /bin/sh;
			shellScript = "\"${PODS_ROOT}/SwiftLint/swiftlint\"";
		};
/* End PBXShellScriptBuildPhase section */

/* Begin PBXSourcesBuildPhase section */
		C06FE7AC1E4BA80D0078A9EE /* Sources */ = {
			isa = PBXSourcesBuildPhase;
			buildActionMask = 2147483647;
			files = (
				C037E2321E4BDFBB00D2DDBC /* ComposerViewController.swift in Sources */,
				C037E23D1E4C094E00D2DDBC /* Tweet.swift in Sources */,
				C037E23B1E4BE62200D2DDBC /* Appearance.swift in Sources */,
				C037E2391E4BE42000D2DDBC /* Colors.swift in Sources */,
				C06FE7B41E4BA80D0078A9EE /* AppDelegate.swift in Sources */,
				C037E22B1E4BD63A00D2DDBC /* MainTabBarController.swift in Sources */,
				C037E21F1E4BC56400D2DDBC /* HomeViewController.swift in Sources */,
				C037E2361E4BE00200D2DDBC /* ProfileViewController.swift in Sources */,
				C037E2271E4BD28900D2DDBC /* HomeTweetCell.swift in Sources */,
				C037E2241E4BC71800D2DDBC /* Constants.swift in Sources */,
			);
			runOnlyForDeploymentPostprocessing = 0;
		};
/* End PBXSourcesBuildPhase section */

/* Begin PBXVariantGroup section */
		C06FE7B71E4BA80D0078A9EE /* Main.storyboard */ = {
			isa = PBXVariantGroup;
			children = (
				C06FE7B81E4BA80D0078A9EE /* Base */,
			);
			name = Main.storyboard;
			sourceTree = "<group>";
		};
		C06FE7BC1E4BA80D0078A9EE /* LaunchScreen.storyboard */ = {
			isa = PBXVariantGroup;
			children = (
				C06FE7BD1E4BA80D0078A9EE /* Base */,
			);
			name = LaunchScreen.storyboard;
			sourceTree = "<group>";
		};
/* End PBXVariantGroup section */

/* Begin XCBuildConfiguration section */
		C06FE7C01E4BA80D0078A9EE /* Debug */ = {
			isa = XCBuildConfiguration;
			buildSettings = {
				ALWAYS_SEARCH_USER_PATHS = NO;
				CLANG_ANALYZER_NONNULL = YES;
				CLANG_CXX_LANGUAGE_STANDARD = "gnu++0x";
				CLANG_CXX_LIBRARY = "libc++";
				CLANG_ENABLE_MODULES = YES;
				CLANG_ENABLE_OBJC_ARC = YES;
				CLANG_WARN_BOOL_CONVERSION = YES;
				CLANG_WARN_CONSTANT_CONVERSION = YES;
				CLANG_WARN_DIRECT_OBJC_ISA_USAGE = YES_ERROR;
				CLANG_WARN_DOCUMENTATION_COMMENTS = YES;
				CLANG_WARN_EMPTY_BODY = YES;
				CLANG_WARN_ENUM_CONVERSION = YES;
				CLANG_WARN_INFINITE_RECURSION = YES;
				CLANG_WARN_INT_CONVERSION = YES;
				CLANG_WARN_OBJC_ROOT_CLASS = YES_ERROR;
				CLANG_WARN_SUSPICIOUS_MOVE = YES;
				CLANG_WARN_UNREACHABLE_CODE = YES;
				CLANG_WARN__DUPLICATE_METHOD_MATCH = YES;
				"CODE_SIGN_IDENTITY[sdk=iphoneos*]" = "iPhone Developer";
				COPY_PHASE_STRIP = NO;
				DEBUG_INFORMATION_FORMAT = dwarf;
				ENABLE_STRICT_OBJC_MSGSEND = YES;
				ENABLE_TESTABILITY = YES;
				GCC_C_LANGUAGE_STANDARD = gnu99;
				GCC_DYNAMIC_NO_PIC = NO;
				GCC_NO_COMMON_BLOCKS = YES;
				GCC_OPTIMIZATION_LEVEL = 0;
				GCC_PREPROCESSOR_DEFINITIONS = (
					"DEBUG=1",
					"$(inherited)",
				);
				GCC_WARN_64_TO_32_BIT_CONVERSION = YES;
				GCC_WARN_ABOUT_RETURN_TYPE = YES_ERROR;
				GCC_WARN_UNDECLARED_SELECTOR = YES;
				GCC_WARN_UNINITIALIZED_AUTOS = YES_AGGRESSIVE;
				GCC_WARN_UNUSED_FUNCTION = YES;
				GCC_WARN_UNUSED_VARIABLE = YES;
				IPHONEOS_DEPLOYMENT_TARGET = 10.2;
				MTL_ENABLE_DEBUG_INFO = YES;
				ONLY_ACTIVE_ARCH = YES;
				SDKROOT = iphoneos;
				SWIFT_ACTIVE_COMPILATION_CONDITIONS = DEBUG;
				SWIFT_OPTIMIZATION_LEVEL = "-Onone";
				TARGETED_DEVICE_FAMILY = "1,2";
			};
			name = Debug;
		};
		C06FE7C11E4BA80D0078A9EE /* Release */ = {
			isa = XCBuildConfiguration;
			buildSettings = {
				ALWAYS_SEARCH_USER_PATHS = NO;
				CLANG_ANALYZER_NONNULL = YES;
				CLANG_CXX_LANGUAGE_STANDARD = "gnu++0x";
				CLANG_CXX_LIBRARY = "libc++";
				CLANG_ENABLE_MODULES = YES;
				CLANG_ENABLE_OBJC_ARC = YES;
				CLANG_WARN_BOOL_CONVERSION = YES;
				CLANG_WARN_CONSTANT_CONVERSION = YES;
				CLANG_WARN_DIRECT_OBJC_ISA_USAGE = YES_ERROR;
				CLANG_WARN_DOCUMENTATION_COMMENTS = YES;
				CLANG_WARN_EMPTY_BODY = YES;
				CLANG_WARN_ENUM_CONVERSION = YES;
				CLANG_WARN_INFINITE_RECURSION = YES;
				CLANG_WARN_INT_CONVERSION = YES;
				CLANG_WARN_OBJC_ROOT_CLASS = YES_ERROR;
				CLANG_WARN_SUSPICIOUS_MOVE = YES;
				CLANG_WARN_UNREACHABLE_CODE = YES;
				CLANG_WARN__DUPLICATE_METHOD_MATCH = YES;
				"CODE_SIGN_IDENTITY[sdk=iphoneos*]" = "iPhone Developer";
				COPY_PHASE_STRIP = NO;
				DEBUG_INFORMATION_FORMAT = "dwarf-with-dsym";
				ENABLE_NS_ASSERTIONS = NO;
				ENABLE_STRICT_OBJC_MSGSEND = YES;
				GCC_C_LANGUAGE_STANDARD = gnu99;
				GCC_NO_COMMON_BLOCKS = YES;
				GCC_WARN_64_TO_32_BIT_CONVERSION = YES;
				GCC_WARN_ABOUT_RETURN_TYPE = YES_ERROR;
				GCC_WARN_UNDECLARED_SELECTOR = YES;
				GCC_WARN_UNINITIALIZED_AUTOS = YES_AGGRESSIVE;
				GCC_WARN_UNUSED_FUNCTION = YES;
				GCC_WARN_UNUSED_VARIABLE = YES;
				IPHONEOS_DEPLOYMENT_TARGET = 10.2;
				MTL_ENABLE_DEBUG_INFO = NO;
				SDKROOT = iphoneos;
				SWIFT_OPTIMIZATION_LEVEL = "-Owholemodule";
				TARGETED_DEVICE_FAMILY = "1,2";
				VALIDATE_PRODUCT = YES;
			};
			name = Release;
		};
		C06FE7C31E4BA80D0078A9EE /* Debug */ = {
			isa = XCBuildConfiguration;
			baseConfigurationReference = 69A76EC6FBDEB968AEB2F3DA /* Pods-Budgie.debug.xcconfig */;
			buildSettings = {
				ASSETCATALOG_COMPILER_APPICON_NAME = AppIcon;
				DEVELOPMENT_TEAM = R6WE745C5Z;
				INFOPLIST_FILE = Budgie/Info.plist;
				LD_RUNPATH_SEARCH_PATHS = "$(inherited) @executable_path/Frameworks";
				PRODUCT_BUNDLE_IDENTIFIER = io.twisterlabs.Budgie;
				PRODUCT_NAME = "$(TARGET_NAME)";
				SWIFT_VERSION = 3.0;
			};
			name = Debug;
		};
		C06FE7C41E4BA80D0078A9EE /* Release */ = {
			isa = XCBuildConfiguration;
			baseConfigurationReference = 4EF5686A29FC25B53F199234 /* Pods-Budgie.release.xcconfig */;
			buildSettings = {
				ASSETCATALOG_COMPILER_APPICON_NAME = AppIcon;
				DEVELOPMENT_TEAM = R6WE745C5Z;
				INFOPLIST_FILE = Budgie/Info.plist;
				LD_RUNPATH_SEARCH_PATHS = "$(inherited) @executable_path/Frameworks";
				PRODUCT_BUNDLE_IDENTIFIER = io.twisterlabs.Budgie;
				PRODUCT_NAME = "$(TARGET_NAME)";
				SWIFT_VERSION = 3.0;
			};
			name = Release;
		};
/* End XCBuildConfiguration section */

/* Begin XCConfigurationList section */
		C06FE7AB1E4BA80D0078A9EE /* Build configuration list for PBXProject "Budgie" */ = {
			isa = XCConfigurationList;
			buildConfigurations = (
				C06FE7C01E4BA80D0078A9EE /* Debug */,
				C06FE7C11E4BA80D0078A9EE /* Release */,
			);
			defaultConfigurationIsVisible = 0;
			defaultConfigurationName = Release;
		};
		C06FE7C21E4BA80D0078A9EE /* Build configuration list for PBXNativeTarget "Budgie" */ = {
			isa = XCConfigurationList;
			buildConfigurations = (
				C06FE7C31E4BA80D0078A9EE /* Debug */,
				C06FE7C41E4BA80D0078A9EE /* Release */,
			);
			defaultConfigurationIsVisible = 0;
			defaultConfigurationName = Release;
		};
/* End XCConfigurationList section */
	};
	rootObject = C06FE7A81E4BA80D0078A9EE /* Project object */;
}
